PODS:
  - AWSCognito (2.5.6):
    - AWSCore (= 2.5.6)
  - AWSCognitoIdentityProvider (2.5.6):
    - AWSCore (= 2.5.6)
  - AWSCore (2.5.6)
  - AWSDynamoDB (2.5.6):
    - AWSCore (= 2.5.6)
  - AWSS3 (2.5.6):
    - AWSCore (= 2.5.6)
  - Result (3.2.1)
  - TrueTime (4.1.1):
    - Result (~> 3.0)

DEPENDENCIES:
  - AWSCognito
  - AWSCognitoIdentityProvider
  - AWSCore
  - AWSDynamoDB
  - AWSS3
  - TrueTime

SPEC CHECKSUMS:
  AWSCognito: 18edcf80780d45229371dc954c77c825c617f9c4
  AWSCognitoIdentityProvider: 44b0e11aea801bb7dbe810a7f2cf21374d8e225b
  AWSCore: 47109d026cdbc1272624caa73114fbdd2ba3ad66
  AWSDynamoDB: 3a6f0369625af96798c2169ed0ca448cf9f602b1
  AWSS3: 5ba117abcbf766c4ec405b255c51dbf8bbc588ce
  Result: 2453a22e5c5b11c0c3a478736e82cd02f763b781
  TrueTime: 22bd3a6c9e9ce75e62e2c1a6b39d7cf290f7b78f

PODFILE CHECKSUM: 332dcc59a3af75b5ee52750186feb21c750a72a4

COCOAPODS: 1.2.1
