PODS:
  - AWSCognito (2.5.6):
    - AWSCore (= 2.5.6)
  - AWSCognitoIdentityProvider (2.5.6):
    - AWSCore (= 2.5.6)
  - AWSCore (2.5.6)
  - AWSDynamoDB (2.5.6):
    - AWSCore (= 2.5.6)
  - AWSS3 (2.5.6):
    - AWSCore (= 2.5.6)

DEPENDENCIES:
  - AWSCognito
  - AWSCognitoIdentityProvider
  - AWSCore
  - AWSDynamoDB
  - AWSS3

SPEC CHECKSUMS:
  AWSCognito: 18edcf80780d45229371dc954c77c825c617f9c4
  AWSCognitoIdentityProvider: 44b0e11aea801bb7dbe810a7f2cf21374d8e225b
  AWSCore: 47109d026cdbc1272624caa73114fbdd2ba3ad66
  AWSDynamoDB: 3a6f0369625af96798c2169ed0ca448cf9f602b1
  AWSS3: 5ba117abcbf766c4ec405b255c51dbf8bbc588ce

PODFILE CHECKSUM: 87e525e15cac9cdcdb8232c7bfe6c7f702b23b9c

COCOAPODS: 1.2.1
